
Microsoft Visual Studio Solution File, Format Version 12.00
# Visual Studio Version 17
VisualStudioVersion = 17.14.36203.30
MinimumVisualStudioVersion = 10.0.40219.1
Project("{FAE04EC0-301F-11D3-BF4B-00C04F79EFBC}") = "VaultQ.CLI", "VaultQ.CLI\VaultQ.CLI.csproj", "{BE1ABF50-C17C-4CF9-A1AA-4A6AB85ACC4B}"
EndProject
Project("{FAE04EC0-301F-11D3-BF4B-00C04F79EFBC}") = "VaultQ.Core", "VaultQ.Core\VaultQ.Core.csproj", "{ED65207A-011D-428D-A342-E62D0576630A}"
EndProject
Global
	GlobalSection(SolutionConfigurationPlatforms) = preSolution
		Debug|Any CPU = Debug|Any CPU
		Release|Any CPU = Release|Any CPU
	EndGlobalSection
	GlobalSection(ProjectConfigurationPlatforms) = postSolution
		{BE1ABF50-C17C-4CF9-A1AA-4A6AB85ACC4B}.Debug|Any CPU.ActiveCfg = Debug|Any CPU
		{BE1ABF50-C17C-4CF9-A1AA-4A6AB85ACC4B}.Debug|Any CPU.Build.0 = Debug|Any CPU
		{BE1ABF50-C17C-4CF9-A1AA-4A6AB85ACC4B}.Release|Any CPU.ActiveCfg = Release|Any CPU
		{BE1ABF50-C17C-4CF9-A1AA-4A6AB85ACC4B}.Release|Any CPU.Build.0 = Release|Any CPU
		{ED65207A-011D-428D-A342-E62D0576630A}.Debug|Any CPU.ActiveCfg = Debug|Any CPU
		{ED65207A-011D-428D-A342-E62D0576630A}.Debug|Any CPU.Build.0 = Debug|Any CPU
		{ED65207A-011D-428D-A342-E62D0576630A}.Release|Any CPU.ActiveCfg = Release|Any CPU
		{ED65207A-011D-428D-A342-E62D0576630A}.Release|Any CPU.Build.0 = Release|Any CPU
	EndGlobalSection
	GlobalSection(SolutionProperties) = preSolution
		HideSolutionNode = FALSE
	EndGlobalSection
	GlobalSection(ExtensibilityGlobals) = postSolution
		SolutionGuid = {F7BB226E-A074-4EAF-B53C-C66D49B094CE}
	EndGlobalSection
EndGlobal
